
Microsoft Visual Studio Solution File, Format Version 12.00
# Visual Studio Version 17
VisualStudioVersion = 17.9.34723.18
MinimumVisualStudioVersion = 10.0.40219.1
Project("{FAE04EC0-301F-11D3-BF4B-00C04F79EFBC}") = "Ticket_ordering", "Ticket_ordering\Ticket_ordering.csproj", "{21BB46B2-5459-4089-B3BB-F90B2EF09A43}"
EndProject
Global
	GlobalSection(SolutionConfigurationPlatforms) = preSolution
		Debug|Any CPU = Debug|Any CPU
		Release|Any CPU = Release|Any CPU
	EndGlobalSection
	GlobalSection(ProjectConfigurationPlatforms) = postSolution
		{21BB46B2-5459-4089-B3BB-F90B2EF09A43}.Debug|Any CPU.ActiveCfg = Debug|Any CPU
		{21BB46B2-5459-4089-B3BB-F90B2EF09A43}.Debug|Any CPU.Build.0 = Debug|Any CPU
		{21BB46B2-5459-4089-B3BB-F90B2EF09A43}.Release|Any CPU.ActiveCfg = Release|Any CPU
		{21BB46B2-5459-4089-B3BB-F90B2EF09A43}.Release|Any CPU.Build.0 = Release|Any CPU
	EndGlobalSection
	GlobalSection(SolutionProperties) = preSolution
		HideSolutionNode = FALSE
	EndGlobalSection
	GlobalSection(ExtensibilityGlobals) = postSolution
		SolutionGuid = {134DD0DB-4BAC-494C-A2FB-31BA1EA87DDE}
	EndGlobalSection
EndGlobal
